
Microsoft Visual Studio Solution File, Format Version 12.00
# Visual Studio Version 17
VisualStudioVersion = 17.0.31903.59
MinimumVisualStudioVersion = 10.0.40219.1
Project("{FAE04EC0-301F-11D3-BF4B-00C04F79EFBC}") = "API", "API\API.csproj", "{3FE5BA4D-EBC4-4BF0-81A2-1AF88DA5831F}"
EndProject
Project("{FAE04EC0-301F-11D3-BF4B-00C04F79EFBC}") = "Core", "Core\Core.csproj", "{D0CE38DE-EA7E-49BE-883A-35319CD53786}"
EndProject
Project("{FAE04EC0-301F-11D3-BF4B-00C04F79EFBC}") = "Infrastructure", "Infrastructure\Infrastructure.csproj", "{114EED9D-8EAA-4DDB-B080-D2331D729EC6}"
EndProject
Global
	GlobalSection(SolutionConfigurationPlatforms) = preSolution
		Debug|Any CPU = Debug|Any CPU
		Release|Any CPU = Release|Any CPU
	EndGlobalSection
	GlobalSection(SolutionProperties) = preSolution
		HideSolutionNode = FALSE
	EndGlobalSection
	GlobalSection(ProjectConfigurationPlatforms) = postSolution
		{3FE5BA4D-EBC4-4BF0-81A2-1AF88DA5831F}.Debug|Any CPU.ActiveCfg = Debug|Any CPU
		{3FE5BA4D-EBC4-4BF0-81A2-1AF88DA5831F}.Debug|Any CPU.Build.0 = Debug|Any CPU
		{3FE5BA4D-EBC4-4BF0-81A2-1AF88DA5831F}.Release|Any CPU.ActiveCfg = Release|Any CPU
		{3FE5BA4D-EBC4-4BF0-81A2-1AF88DA5831F}.Release|Any CPU.Build.0 = Release|Any CPU
		{D0CE38DE-EA7E-49BE-883A-35319CD53786}.Debug|Any CPU.ActiveCfg = Debug|Any CPU
		{D0CE38DE-EA7E-49BE-883A-35319CD53786}.Debug|Any CPU.Build.0 = Debug|Any CPU
		{D0CE38DE-EA7E-49BE-883A-35319CD53786}.Release|Any CPU.ActiveCfg = Release|Any CPU
		{D0CE38DE-EA7E-49BE-883A-35319CD53786}.Release|Any CPU.Build.0 = Release|Any CPU
		{114EED9D-8EAA-4DDB-B080-D2331D729EC6}.Debug|Any CPU.ActiveCfg = Debug|Any CPU
		{114EED9D-8EAA-4DDB-B080-D2331D729EC6}.Debug|Any CPU.Build.0 = Debug|Any CPU
		{114EED9D-8EAA-4DDB-B080-D2331D729EC6}.Release|Any CPU.ActiveCfg = Release|Any CPU
		{114EED9D-8EAA-4DDB-B080-D2331D729EC6}.Release|Any CPU.Build.0 = Release|Any CPU
	EndGlobalSection
EndGlobal
